
Microsoft Visual Studio Solution File, Format Version 12.00
# Visual Studio Version 17
VisualStudioVersion = 17.7.34221.43
MinimumVisualStudioVersion = 10.0.40219.1
Project("{FAE04EC0-301F-11D3-BF4B-00C04F79EFBC}") = "snake", "snake\snake.csproj", "{FC65D54B-A4F0-4FD7-B2EA-EBC10790973D}"
EndProject
Global
	GlobalSection(SolutionConfigurationPlatforms) = preSolution
		Debug|Any CPU = Debug|Any CPU
		Release|Any CPU = Release|Any CPU
	EndGlobalSection
	GlobalSection(ProjectConfigurationPlatforms) = postSolution
		{FC65D54B-A4F0-4FD7-B2EA-EBC10790973D}.Debug|Any CPU.ActiveCfg = Debug|Any CPU
		{FC65D54B-A4F0-4FD7-B2EA-EBC10790973D}.Debug|Any CPU.Build.0 = Debug|Any CPU
		{FC65D54B-A4F0-4FD7-B2EA-EBC10790973D}.Release|Any CPU.ActiveCfg = Release|Any CPU
		{FC65D54B-A4F0-4FD7-B2EA-EBC10790973D}.Release|Any CPU.Build.0 = Release|Any CPU
	EndGlobalSection
	GlobalSection(SolutionProperties) = preSolution
		HideSolutionNode = FALSE
	EndGlobalSection
	GlobalSection(ExtensibilityGlobals) = postSolution
		SolutionGuid = {937D71BD-45C5-4338-8BF7-8BCFB8278C5A}
	EndGlobalSection
EndGlobal
